// !$*UTF8*$!
{
	archiveVersion = 1;
	classes = {
	};
	objectVersion = 56;
	objects = {

/* Begin PBXBuildFile section */
		418AABC62B9C18EA00829DD4 /* AppDelegate.swift in Sources */ = {isa = PBXBuildFile; fileRef = 418AABC52B9C18EA00829DD4 /* AppDelegate.swift */; };
		418AABC82B9C18EA00829DD4 /* SceneDelegate.swift in Sources */ = {isa = PBXBuildFile; fileRef = 418AABC72B9C18EA00829DD4 /* SceneDelegate.swift */; };
		418AABCA2B9C18EA00829DD4 /* ViewController.swift in Sources */ = {isa = PBXBuildFile; fileRef = 418AABC92B9C18EA00829DD4 /* ViewController.swift */; };
		418AABCF2B9C18ED00829DD4 /* Assets.xcassets in Resources */ = {isa = PBXBuildFile; fileRef = 418AABCE2B9C18ED00829DD4 /* Assets.xcassets */; };
		418AABD22B9C18ED00829DD4 /* LaunchScreen.storyboard in Resources */ = {isa = PBXBuildFile; fileRef = 418AABD02B9C18ED00829DD4 /* LaunchScreen.storyboard */; };
		418AABE22B9C1BB900829DD4 /* PokemonPresenter.swift in Sources */ = {isa = PBXBuildFile; fileRef = 418AABDA2B9C1BB900829DD4 /* PokemonPresenter.swift */; };
		418AABE32B9C1BB900829DD4 /* PokemonRouter.swift in Sources */ = {isa = PBXBuildFile; fileRef = 418AABDB2B9C1BB900829DD4 /* PokemonRouter.swift */; };
		418AABE42B9C1BB900829DD4 /* PokemonViewController.swift in Sources */ = {isa = PBXBuildFile; fileRef = 418AABDC2B9C1BB900829DD4 /* PokemonViewController.swift */; };
		418AABE62B9C1BB900829DD4 /* PokemonProtocols.swift in Sources */ = {isa = PBXBuildFile; fileRef = 418AABDE2B9C1BB900829DD4 /* PokemonProtocols.swift */; };
		418AABE72B9C1BB900829DD4 /* PokemonInteractor.swift in Sources */ = {isa = PBXBuildFile; fileRef = 418AABDF2B9C1BB900829DD4 /* PokemonInteractor.swift */; };
		418AABE92B9C1BB900829DD4 /* PokemonViewModel.swift in Sources */ = {isa = PBXBuildFile; fileRef = 418AABE12B9C1BB900829DD4 /* PokemonViewModel.swift */; };
		418AABF32B9C33DE00829DD4 /* Kingfisher in Frameworks */ = {isa = PBXBuildFile; productRef = 418AABF22B9C33DE00829DD4 /* Kingfisher */; };
/* End PBXBuildFile section */

/* Begin PBXFileReference section */
		418AABC22B9C18EA00829DD4 /* Pokedex.app */ = {isa = PBXFileReference; explicitFileType = wrapper.application; includeInIndex = 0; path = Pokedex.app; sourceTree = BUILT_PRODUCTS_DIR; };
		418AABC52B9C18EA00829DD4 /* AppDelegate.swift */ = {isa = PBXFileReference; lastKnownFileType = sourcecode.swift; path = AppDelegate.swift; sourceTree = "<group>"; };
		418AABC72B9C18EA00829DD4 /* SceneDelegate.swift */ = {isa = PBXFileReference; lastKnownFileType = sourcecode.swift; path = SceneDelegate.swift; sourceTree = "<group>"; };
		418AABC92B9C18EA00829DD4 /* ViewController.swift */ = {isa = PBXFileReference; lastKnownFileType = sourcecode.swift; path = ViewController.swift; sourceTree = "<group>"; };
		418AABCE2B9C18ED00829DD4 /* Assets.xcassets */ = {isa = PBXFileReference; lastKnownFileType = folder.assetcatalog; path = Assets.xcassets; sourceTree = "<group>"; };
		418AABD12B9C18ED00829DD4 /* Base */ = {isa = PBXFileReference; lastKnownFileType = file.storyboard; name = Base; path = Base.lproj/LaunchScreen.storyboard; sourceTree = "<group>"; };
		418AABD32B9C18ED00829DD4 /* Info.plist */ = {isa = PBXFileReference; lastKnownFileType = text.plist.xml; path = Info.plist; sourceTree = "<group>"; };
		418AABDA2B9C1BB900829DD4 /* PokemonPresenter.swift */ = {isa = PBXFileReference; lastKnownFileType = sourcecode.swift; path = PokemonPresenter.swift; sourceTree = "<group>"; };
		418AABDB2B9C1BB900829DD4 /* PokemonRouter.swift */ = {isa = PBXFileReference; lastKnownFileType = sourcecode.swift; path = PokemonRouter.swift; sourceTree = "<group>"; };
		418AABDC2B9C1BB900829DD4 /* PokemonViewController.swift */ = {isa = PBXFileReference; lastKnownFileType = sourcecode.swift; path = PokemonViewController.swift; sourceTree = "<group>"; };
		418AABDE2B9C1BB900829DD4 /* PokemonProtocols.swift */ = {isa = PBXFileReference; lastKnownFileType = sourcecode.swift; path = PokemonProtocols.swift; sourceTree = "<group>"; };
		418AABDF2B9C1BB900829DD4 /* PokemonInteractor.swift */ = {isa = PBXFileReference; lastKnownFileType = sourcecode.swift; path = PokemonInteractor.swift; sourceTree = "<group>"; };
		418AABE12B9C1BB900829DD4 /* PokemonViewModel.swift */ = {isa = PBXFileReference; lastKnownFileType = sourcecode.swift; path = PokemonViewModel.swift; sourceTree = "<group>"; };
/* End PBXFileReference section */

/* Begin PBXFrameworksBuildPhase section */
		418AABBF2B9C18EA00829DD4 /* Frameworks */ = {
			isa = PBXFrameworksBuildPhase;
			buildActionMask = 2147483647;
			files = (
				418AABF32B9C33DE00829DD4 /* Kingfisher in Frameworks */,
			);
			runOnlyForDeploymentPostprocessing = 0;
		};
/* End PBXFrameworksBuildPhase section */

/* Begin PBXGroup section */
		418AABB92B9C18EA00829DD4 = {
			isa = PBXGroup;
			children = (
				418AABC42B9C18EA00829DD4 /* Pokedex */,
				418AABC32B9C18EA00829DD4 /* Products */,
			);
			sourceTree = "<group>";
		};
		418AABC32B9C18EA00829DD4 /* Products */ = {
			isa = PBXGroup;
			children = (
				418AABC22B9C18EA00829DD4 /* Pokedex.app */,
			);
			name = Products;
			sourceTree = "<group>";
		};
		418AABC42B9C18EA00829DD4 /* Pokedex */ = {
			isa = PBXGroup;
			children = (
				418AABD92B9C1B9900829DD4 /* Pokemon */,
				418AABC52B9C18EA00829DD4 /* AppDelegate.swift */,
				418AABC72B9C18EA00829DD4 /* SceneDelegate.swift */,
				418AABC92B9C18EA00829DD4 /* ViewController.swift */,
				418AABCE2B9C18ED00829DD4 /* Assets.xcassets */,
				418AABD02B9C18ED00829DD4 /* LaunchScreen.storyboard */,
				418AABD32B9C18ED00829DD4 /* Info.plist */,
			);
			path = Pokedex;
			sourceTree = "<group>";
		};
		418AABD92B9C1B9900829DD4 /* Pokemon */ = {
			isa = PBXGroup;
			children = (
				418AABF02B9C1C4E00829DD4 /* Protocols */,
				418AABEF2B9C1C1900829DD4 /* Router */,
				418AABEE2B9C1C1200829DD4 /* Entity */,
				418AABED2B9C1C0C00829DD4 /* Presenter */,
				418AABEC2B9C1C0200829DD4 /* Interactor */,
				418AABEA2B9C1BF400829DD4 /* View */,
			);
			path = Pokemon;
			sourceTree = "<group>";
		};
		418AABEA2B9C1BF400829DD4 /* View */ = {
			isa = PBXGroup;
			children = (
				418AABDC2B9C1BB900829DD4 /* PokemonViewController.swift */,
			);
			path = View;
			sourceTree = "<group>";
		};
		418AABEC2B9C1C0200829DD4 /* Interactor */ = {
			isa = PBXGroup;
			children = (
				418AABDF2B9C1BB900829DD4 /* PokemonInteractor.swift */,
			);
			path = Interactor;
			sourceTree = "<group>";
		};
		418AABED2B9C1C0C00829DD4 /* Presenter */ = {
			isa = PBXGroup;
			children = (
				418AABDA2B9C1BB900829DD4 /* PokemonPresenter.swift */,
			);
			path = Presenter;
			sourceTree = "<group>";
		};
		418AABEE2B9C1C1200829DD4 /* Entity */ = {
			isa = PBXGroup;
			children = (
				418AABE12B9C1BB900829DD4 /* PokemonViewModel.swift */,
			);
			path = Entity;
			sourceTree = "<group>";
		};
		418AABEF2B9C1C1900829DD4 /* Router */ = {
			isa = PBXGroup;
			children = (
				418AABDB2B9C1BB900829DD4 /* PokemonRouter.swift */,
			);
			path = Router;
			sourceTree = "<group>";
		};
		418AABF02B9C1C4E00829DD4 /* Protocols */ = {
			isa = PBXGroup;
			children = (
				418AABDE2B9C1BB900829DD4 /* PokemonProtocols.swift */,
			);
			path = Protocols;
			sourceTree = "<group>";
		};
/* End PBXGroup section */

/* Begin PBXNativeTarget section */
		418AABC12B9C18EA00829DD4 /* Pokedex */ = {
			isa = PBXNativeTarget;
			buildConfigurationList = 418AABD62B9C18ED00829DD4 /* Build configuration list for PBXNativeTarget "Pokedex" */;
			buildPhases = (
				418AABBE2B9C18EA00829DD4 /* Sources */,
				418AABBF2B9C18EA00829DD4 /* Frameworks */,
				418AABC02B9C18EA00829DD4 /* Resources */,
			);
			buildRules = (
			);
			dependencies = (
			);
			name = Pokedex;
			packageProductDependencies = (
				418AABF22B9C33DE00829DD4 /* Kingfisher */,
			);
			productName = Pokedex;
			productReference = 418AABC22B9C18EA00829DD4 /* Pokedex.app */;
			productType = "com.apple.product-type.application";
		};
/* End PBXNativeTarget section */

/* Begin PBXProject section */
		418AABBA2B9C18EA00829DD4 /* Project object */ = {
			isa = PBXProject;
			attributes = {
				BuildIndependentTargetsInParallel = 1;
				LastSwiftUpdateCheck = 1520;
				LastUpgradeCheck = 1520;
				TargetAttributes = {
					418AABC12B9C18EA00829DD4 = {
						CreatedOnToolsVersion = 15.2;
					};
				};
			};
			buildConfigurationList = 418AABBD2B9C18EA00829DD4 /* Build configuration list for PBXProject "Pokedex" */;
			compatibilityVersion = "Xcode 14.0";
			developmentRegion = en;
			hasScannedForEncodings = 0;
			knownRegions = (
				en,
				Base,
			);
			mainGroup = 418AABB92B9C18EA00829DD4;
			packageReferences = (
				418AABF12B9C33DE00829DD4 /* XCRemoteSwiftPackageReference "Kingfisher" */,
			);
			productRefGroup = 418AABC32B9C18EA00829DD4 /* Products */;
			projectDirPath = "";
			projectRoot = "";
			targets = (
				418AABC12B9C18EA00829DD4 /* Pokedex */,
			);
		};
/* End PBXProject section */

/* Begin PBXResourcesBuildPhase section */
		418AABC02B9C18EA00829DD4 /* Resources */ = {
			isa = PBXResourcesBuildPhase;
			buildActionMask = 2147483647;
			files = (
				418AABD22B9C18ED00829DD4 /* LaunchScreen.storyboard in Resources */,
				418AABCF2B9C18ED00829DD4 /* Assets.xcassets in Resources */,
			);
			runOnlyForDeploymentPostprocessing = 0;
		};
/* End PBXResourcesBuildPhase section */

/* Begin PBXSourcesBuildPhase section */
		418AABBE2B9C18EA00829DD4 /* Sources */ = {
			isa = PBXSourcesBuildPhase;
			buildActionMask = 2147483647;
			files = (
				418AABCA2B9C18EA00829DD4 /* ViewController.swift in Sources */,
				418AABC62B9C18EA00829DD4 /* AppDelegate.swift in Sources */,
				418AABE42B9C1BB900829DD4 /* PokemonViewController.swift in Sources */,
				418AABE32B9C1BB900829DD4 /* PokemonRouter.swift in Sources */,
				418AABE72B9C1BB900829DD4 /* PokemonInteractor.swift in Sources */,
				418AABE22B9C1BB900829DD4 /* PokemonPresenter.swift in Sources */,
				418AABC82B9C18EA00829DD4 /* SceneDelegate.swift in Sources */,
				418AABE92B9C1BB900829DD4 /* PokemonViewModel.swift in Sources */,
				418AABE62B9C1BB900829DD4 /* PokemonProtocols.swift in Sources */,
			);
			runOnlyForDeploymentPostprocessing = 0;
		};
/* End PBXSourcesBuildPhase section */

/* Begin PBXVariantGroup section */
		418AABD02B9C18ED00829DD4 /* LaunchScreen.storyboard */ = {
			isa = PBXVariantGroup;
			children = (
				418AABD12B9C18ED00829DD4 /* Base */,
			);
			name = LaunchScreen.storyboard;
			sourceTree = "<group>";
		};
/* End PBXVariantGroup section */

/* Begin XCBuildConfiguration section */
		418AABD42B9C18ED00829DD4 /* Debug */ = {
			isa = XCBuildConfiguration;
			buildSettings = {
				ALWAYS_SEARCH_USER_PATHS = NO;
				ASSETCATALOG_COMPILER_GENERATE_SWIFT_ASSET_SYMBOL_EXTENSIONS = YES;
				CLANG_ANALYZER_NONNULL = YES;
				CLANG_ANALYZER_NUMBER_OBJECT_CONVERSION = YES_AGGRESSIVE;
				CLANG_CXX_LANGUAGE_STANDARD = "gnu++20";
				CLANG_ENABLE_MODULES = YES;
				CLANG_ENABLE_OBJC_ARC = YES;
				CLANG_ENABLE_OBJC_WEAK = YES;
				CLANG_WARN_BLOCK_CAPTURE_AUTORELEASING = YES;
				CLANG_WARN_BOOL_CONVERSION = YES;
				CLANG_WARN_COMMA = YES;
				CLANG_WARN_CONSTANT_CONVERSION = YES;
				CLANG_WARN_DEPRECATED_OBJC_IMPLEMENTATIONS = YES;
				CLANG_WARN_DIRECT_OBJC_ISA_USAGE = YES_ERROR;
				CLANG_WARN_DOCUMENTATION_COMMENTS = YES;
				CLANG_WARN_EMPTY_BODY = YES;
				CLANG_WARN_ENUM_CONVERSION = YES;
				CLANG_WARN_INFINITE_RECURSION = YES;
				CLANG_WARN_INT_CONVERSION = YES;
				CLANG_WARN_NON_LITERAL_NULL_CONVERSION = YES;
				CLANG_WARN_OBJC_IMPLICIT_RETAIN_SELF = YES;
				CLANG_WARN_OBJC_LITERAL_CONVERSION = YES;
				CLANG_WARN_OBJC_ROOT_CLASS = YES_ERROR;
				CLANG_WARN_QUOTED_INCLUDE_IN_FRAMEWORK_HEADER = YES;
				CLANG_WARN_RANGE_LOOP_ANALYSIS = YES;
				CLANG_WARN_STRICT_PROTOTYPES = YES;
				CLANG_WARN_SUSPICIOUS_MOVE = YES;
				CLANG_WARN_UNGUARDED_AVAILABILITY = YES_AGGRESSIVE;
				CLANG_WARN_UNREACHABLE_CODE = YES;
				CLANG_WARN__DUPLICATE_METHOD_MATCH = YES;
				COPY_PHASE_STRIP = NO;
				DEBUG_INFORMATION_FORMAT = dwarf;
				ENABLE_STRICT_OBJC_MSGSEND = YES;
				ENABLE_TESTABILITY = YES;
				ENABLE_USER_SCRIPT_SANDBOXING = YES;
				GCC_C_LANGUAGE_STANDARD = gnu17;
				GCC_DYNAMIC_NO_PIC = NO;
				GCC_NO_COMMON_BLOCKS = YES;
				GCC_OPTIMIZATION_LEVEL = 0;
				GCC_PREPROCESSOR_DEFINITIONS = (
					"DEBUG=1",
					"$(inherited)",
				);
				GCC_WARN_64_TO_32_BIT_CONVERSION = YES;
				GCC_WARN_ABOUT_RETURN_TYPE = YES_ERROR;
				GCC_WARN_UNDECLARED_SELECTOR = YES;
				GCC_WARN_UNINITIALIZED_AUTOS = YES_AGGRESSIVE;
				GCC_WARN_UNUSED_FUNCTION = YES;
				GCC_WARN_UNUSED_VARIABLE = YES;
				IPHONEOS_DEPLOYMENT_TARGET = 17.2;
				LOCALIZATION_PREFERS_STRING_CATALOGS = YES;
				MTL_ENABLE_DEBUG_INFO = INCLUDE_SOURCE;
				MTL_FAST_MATH = YES;
				ONLY_ACTIVE_ARCH = YES;
				SDKROOT = iphoneos;
				SWIFT_ACTIVE_COMPILATION_CONDITIONS = "DEBUG $(inherited)";
				SWIFT_OPTIMIZATION_LEVEL = "-Onone";
			};
			name = Debug;
		};
		418AABD52B9C18ED00829DD4 /* Release */ = {
			isa = XCBuildConfiguration;
			buildSettings = {
				ALWAYS_SEARCH_USER_PATHS = NO;
				ASSETCATALOG_COMPILER_GENERATE_SWIFT_ASSET_SYMBOL_EXTENSIONS = YES;
				CLANG_ANALYZER_NONNULL = YES;
				CLANG_ANALYZER_NUMBER_OBJECT_CONVERSION = YES_AGGRESSIVE;
				CLANG_CXX_LANGUAGE_STANDARD = "gnu++20";
				CLANG_ENABLE_MODULES = YES;
				CLANG_ENABLE_OBJC_ARC = YES;
				CLANG_ENABLE_OBJC_WEAK = YES;
				CLANG_WARN_BLOCK_CAPTURE_AUTORELEASING = YES;
				CLANG_WARN_BOOL_CONVERSION = YES;
				CLANG_WARN_COMMA = YES;
				CLANG_WARN_CONSTANT_CONVERSION = YES;
				CLANG_WARN_DEPRECATED_OBJC_IMPLEMENTATIONS = YES;
				CLANG_WARN_DIRECT_OBJC_ISA_USAGE = YES_ERROR;
				CLANG_WARN_DOCUMENTATION_COMMENTS = YES;
				CLANG_WARN_EMPTY_BODY = YES;
				CLANG_WARN_ENUM_CONVERSION = YES;
				CLANG_WARN_INFINITE_RECURSION = YES;
				CLANG_WARN_INT_CONVERSION = YES;
				CLANG_WARN_NON_LITERAL_NULL_CONVERSION = YES;
				CLANG_WARN_OBJC_IMPLICIT_RETAIN_SELF = YES;
				CLANG_WARN_OBJC_LITERAL_CONVERSION = YES;
				CLANG_WARN_OBJC_ROOT_CLASS = YES_ERROR;
				CLANG_WARN_QUOTED_INCLUDE_IN_FRAMEWORK_HEADER = YES;
				CLANG_WARN_RANGE_LOOP_ANALYSIS = YES;
				CLANG_WARN_STRICT_PROTOTYPES = YES;
				CLANG_WARN_SUSPICIOUS_MOVE = YES;
				CLANG_WARN_UNGUARDED_AVAILABILITY = YES_AGGRESSIVE;
				CLANG_WARN_UNREACHABLE_CODE = YES;
				CLANG_WARN__DUPLICATE_METHOD_MATCH = YES;
				COPY_PHASE_STRIP = NO;
				DEBUG_INFORMATION_FORMAT = "dwarf-with-dsym";
				ENABLE_NS_ASSERTIONS = NO;
				ENABLE_STRICT_OBJC_MSGSEND = YES;
				ENABLE_USER_SCRIPT_SANDBOXING = YES;
				GCC_C_LANGUAGE_STANDARD = gnu17;
				GCC_NO_COMMON_BLOCKS = YES;
				GCC_WARN_64_TO_32_BIT_CONVERSION = YES;
				GCC_WARN_ABOUT_RETURN_TYPE = YES_ERROR;
				GCC_WARN_UNDECLARED_SELECTOR = YES;
				GCC_WARN_UNINITIALIZED_AUTOS = YES_AGGRESSIVE;
				GCC_WARN_UNUSED_FUNCTION = YES;
				GCC_WARN_UNUSED_VARIABLE = YES;
				IPHONEOS_DEPLOYMENT_TARGET = 17.2;
				LOCALIZATION_PREFERS_STRING_CATALOGS = YES;
				MTL_ENABLE_DEBUG_INFO = NO;
				MTL_FAST_MATH = YES;
				SDKROOT = iphoneos;
				SWIFT_COMPILATION_MODE = wholemodule;
				VALIDATE_PRODUCT = YES;
			};
			name = Release;
		};
		418AABD72B9C18ED00829DD4 /* Debug */ = {
			isa = XCBuildConfiguration;
			buildSettings = {
				ASSETCATALOG_COMPILER_APPICON_NAME = AppIcon;
				ASSETCATALOG_COMPILER_GLOBAL_ACCENT_COLOR_NAME = AccentColor;
				CODE_SIGN_STYLE = Automatic;
				CURRENT_PROJECT_VERSION = 1;
				DEVELOPMENT_TEAM = 9289Z948RS;
				GENERATE_INFOPLIST_FILE = YES;
				INFOPLIST_FILE = Pokedex/Info.plist;
				INFOPLIST_KEY_UIApplicationSupportsIndirectInputEvents = YES;
				INFOPLIST_KEY_UILaunchStoryboardName = LaunchScreen;
				INFOPLIST_KEY_UISupportedInterfaceOrientations_iPad = "UIInterfaceOrientationPortrait UIInterfaceOrientationPortraitUpsideDown UIInterfaceOrientationLandscapeLeft UIInterfaceOrientationLandscapeRight";
				INFOPLIST_KEY_UISupportedInterfaceOrientations_iPhone = "UIInterfaceOrientationPortrait UIInterfaceOrientationLandscapeLeft UIInterfaceOrientationLandscapeRight";
				LD_RUNPATH_SEARCH_PATHS = (
					"$(inherited)",
					"@executable_path/Frameworks",
				);
				MARKETING_VERSION = 1.0;
				PRODUCT_BUNDLE_IDENTIFIER = Mayo.com.Pokedex;
				PRODUCT_NAME = "$(TARGET_NAME)";
				SWIFT_EMIT_LOC_STRINGS = YES;
				SWIFT_VERSION = 5.0;
				TARGETED_DEVICE_FAMILY = "1,2";
			};
			name = Debug;
		};
		418AABD82B9C18ED00829DD4 /* Release */ = {
			isa = XCBuildConfiguration;
			buildSettings = {
				ASSETCATALOG_COMPILER_APPICON_NAME = AppIcon;
				ASSETCATALOG_COMPILER_GLOBAL_ACCENT_COLOR_NAME = AccentColor;
				CODE_SIGN_STYLE = Automatic;
				CURRENT_PROJECT_VERSION = 1;
				DEVELOPMENT_TEAM = 9289Z948RS;
				GENERATE_INFOPLIST_FILE = YES;
				INFOPLIST_FILE = Pokedex/Info.plist;
				INFOPLIST_KEY_UIApplicationSupportsIndirectInputEvents = YES;
				INFOPLIST_KEY_UILaunchStoryboardName = LaunchScreen;
				INFOPLIST_KEY_UISupportedInterfaceOrientations_iPad = "UIInterfaceOrientationPortrait UIInterfaceOrientationPortraitUpsideDown UIInterfaceOrientationLandscapeLeft UIInterfaceOrientationLandscapeRight";
				INFOPLIST_KEY_UISupportedInterfaceOrientations_iPhone = "UIInterfaceOrientationPortrait UIInterfaceOrientationLandscapeLeft UIInterfaceOrientationLandscapeRight";
				LD_RUNPATH_SEARCH_PATHS = (
					"$(inherited)",
					"@executable_path/Frameworks",
				);
				MARKETING_VERSION = 1.0;
				PRODUCT_BUNDLE_IDENTIFIER = Mayo.com.Pokedex;
				PRODUCT_NAME = "$(TARGET_NAME)";
				SWIFT_EMIT_LOC_STRINGS = YES;
				SWIFT_VERSION = 5.0;
				TARGETED_DEVICE_FAMILY = "1,2";
			};
			name = Release;
		};
/* End XCBuildConfiguration section */

/* Begin XCConfigurationList section */
		418AABBD2B9C18EA00829DD4 /* Build configuration list for PBXProject "Pokedex" */ = {
			isa = XCConfigurationList;
			buildConfigurations = (
				418AABD42B9C18ED00829DD4 /* Debug */,
				418AABD52B9C18ED00829DD4 /* Release */,
			);
			defaultConfigurationIsVisible = 0;
			defaultConfigurationName = Release;
		};
		418AABD62B9C18ED00829DD4 /* Build configuration list for PBXNativeTarget "Pokedex" */ = {
			isa = XCConfigurationList;
			buildConfigurations = (
				418AABD72B9C18ED00829DD4 /* Debug */,
				418AABD82B9C18ED00829DD4 /* Release */,
			);
			defaultConfigurationIsVisible = 0;
			defaultConfigurationName = Release;
		};
/* End XCConfigurationList section */

/* Begin XCRemoteSwiftPackageReference section */
		418AABF12B9C33DE00829DD4 /* XCRemoteSwiftPackageReference "Kingfisher" */ = {
			isa = XCRemoteSwiftPackageReference;
			repositoryURL = "https://github.com/onevcat/Kingfisher.git";
			requirement = {
				kind = upToNextMajorVersion;
				minimumVersion = 7.11.0;
			};
		};
/* End XCRemoteSwiftPackageReference section */

/* Begin XCSwiftPackageProductDependency section */
		418AABF22B9C33DE00829DD4 /* Kingfisher */ = {
			isa = XCSwiftPackageProductDependency;
			package = 418AABF12B9C33DE00829DD4 /* XCRemoteSwiftPackageReference "Kingfisher" */;
			productName = Kingfisher;
		};
/* End XCSwiftPackageProductDependency section */
	};
	rootObject = 418AABBA2B9C18EA00829DD4 /* Project object */;
}
